schema: '2.0'
stages:
  clean_data:
    cmd: python src/clean_data.py
    deps:
    - path: data/raw/train.csv
      hash: md5
      md5: 2309cc5f04782ed9bb6016d9f4e381cf
      size: 61194
    - path: src/clean_data.py
      hash: md5
      md5: 98fcef76b9af4aedda7d228288183d0c
      size: 1208
    outs:
    - path: data/interim/cleaned_train.csv
      hash: md5
      md5: d2f9d2c7397490616dfaad7c260a8911
      size: 84595
  feature_engineering:
    cmd: python src/feature_engineering.py
    deps:
    - path: data/interim/cleaned_train.csv
      hash: md5
      md5: d2f9d2c7397490616dfaad7c260a8911
      size: 84595
    - path: src/feature_engineering.py
      hash: md5
      md5: 7d3f6645f37d98eaa4215b92b4ac6e40
      size: 1663
    outs:
    - path: data/processed/final_train.csv
      hash: md5
      md5: f8751953a174500fd11dc8692302da15
      size: 51706
  training:
    cmd: python src/train.py
    deps:
    - path: data/processed/final_train.csv
      hash: md5
      md5: f8751953a174500fd11dc8692302da15
      size: 51706
    - path: src/train.py
      hash: md5
      md5: 51d27f06f8dfcd6da5e36a3b96d3cecc
      size: 1939
  registration:
    cmd: python src/register_model.py
    deps:
    - path: src/register_model.py
      hash: md5
      md5: f5998541685b2573a86fedb97c673d9f
      size: 1211
