schema: '2.0'
stages:
  clean_data:
    cmd: python src/clean_data.py
    deps:
    - path: data/raw/train.csv
      hash: md5
      md5: 2309cc5f04782ed9bb6016d9f4e381cf
      size: 61194
    outs:
    - path: data/interim/cleaned_train.csv
      hash: md5
      md5: d2f9d2c7397490616dfaad7c260a8911
      size: 84595
  feature_engineering:
    cmd: python src/feature_engineering.py
    deps:
    - path: data/interim/cleaned_train.csv
      hash: md5
      md5: d2f9d2c7397490616dfaad7c260a8911
      size: 84595
    outs:
    - path: data/processed/final_train.csv
      hash: md5
      md5: f2090fee085c5503acfb0ec957b9a619
      size: 63647
  training:
    cmd: python src/train.py
    deps:
    - path: data/processed/final_train.csv
      hash: md5
      md5: f2090fee085c5503acfb0ec957b9a619
      size: 63647
  registration:
    cmd: python src/register_model.py
  monitoring:
    cmd: python src/monitoring.py
    deps:
    - path: data/prod.csv
      hash: md5
      md5: 7533b82eae4b582610cbd68aa636b017
      size: 28629
    - path: data/raw/train.csv
      hash: md5
      md5: 2309cc5f04782ed9bb6016d9f4e381cf
      size: 61194
    - path: src/monitoring.py
      hash: md5
      md5: 01303bbfb860d98fec2f92d215124e4c
      size: 4949
    outs:
    - path: data/monitoring/latest_report.json
      hash: md5
      md5: e593330d19a4216aa8af89f45ef34ac7
      size: 1520
    - path: data/monitoring/monitoring_dashboard.html
      hash: md5
      md5: b964f08cfbe6fa84e30492422e200971
      size: 14198
    - path: train_stats.json
      hash: md5
      md5: 11773387e932aed4c181b69cc14fc180
      size: 574
