schema: '2.0'
stages:
  clean_data:
    cmd: python src/clean_data.py
    deps:
    - path: data/raw/train.csv
      hash: md5
      md5: 2309cc5f04782ed9bb6016d9f4e381cf
      size: 61194
    outs:
    - path: data/interim/cleaned_train.csv
      hash: md5
      md5: d2f9d2c7397490616dfaad7c260a8911
      size: 84595
  feature_engineering:
    cmd: python src/feature_engineering.py
    deps:
    - path: data/interim/cleaned_train.csv
      hash: md5
      md5: d2f9d2c7397490616dfaad7c260a8911
      size: 84595
    outs:
    - path: data/processed/final_train.csv
      hash: md5
      md5: f2090fee085c5503acfb0ec957b9a619
      size: 63647
  training:
    cmd: python src/train.py
    deps:
    - path: data/processed/final_train.csv
      hash: md5
      md5: f2090fee085c5503acfb0ec957b9a619
      size: 63647
  registration:
    cmd: python src/register_model.py
